
Microsoft Visual Studio Solution File, Format Version 12.00
# Visual Studio Version 16
VisualStudioVersion = 16.0.30517.126
MinimumVisualStudioVersion = 10.0.40219.1
Project("{8BC9CEB8-8B4A-11D0-8D11-00A0C91BC942}") = "Task3", "Task3\Task3.vcxproj", "{35CCBDCB-3EAC-46DB-B118-D210F80E9A08}"
EndProject
Project("{8BC9CEB8-8B4A-11D0-8D11-00A0C91BC942}") = "Task1a", "Task1\Task1.vcxproj", "{97668557-06CB-4CD5-9FEE-4A6781D7333E}"
EndProject
Project("{8BC9CEB8-8B4A-11D0-8D11-00A0C91BC942}") = "Task1b", "Task1b\Task1b.vcxproj", "{4E1FD469-F97F-4C67-B7BB-514DFC80B625}"
EndProject
Project("{8BC9CEB8-8B4A-11D0-8D11-00A0C91BC942}") = "Task2", "Task2\Task2.vcxproj", "{95AF0139-F1B5-4719-981C-1948CFE0BB9C}"
EndProject
Global
	GlobalSection(SolutionConfigurationPlatforms) = preSolution
		Debug|x64 = Debug|x64
		Debug|x86 = Debug|x86
		Release|x64 = Release|x64
		Release|x86 = Release|x86
	EndGlobalSection
	GlobalSection(ProjectConfigurationPlatforms) = postSolution
		{35CCBDCB-3EAC-46DB-B118-D210F80E9A08}.Debug|x64.ActiveCfg = Debug|x64
		{35CCBDCB-3EAC-46DB-B118-D210F80E9A08}.Debug|x64.Build.0 = Debug|x64
		{35CCBDCB-3EAC-46DB-B118-D210F80E9A08}.Debug|x86.ActiveCfg = Debug|Win32
		{35CCBDCB-3EAC-46DB-B118-D210F80E9A08}.Debug|x86.Build.0 = Debug|Win32
		{35CCBDCB-3EAC-46DB-B118-D210F80E9A08}.Release|x64.ActiveCfg = Release|x64
		{35CCBDCB-3EAC-46DB-B118-D210F80E9A08}.Release|x64.Build.0 = Release|x64
		{35CCBDCB-3EAC-46DB-B118-D210F80E9A08}.Release|x86.ActiveCfg = Release|Win32
		{35CCBDCB-3EAC-46DB-B118-D210F80E9A08}.Release|x86.Build.0 = Release|Win32
		{97668557-06CB-4CD5-9FEE-4A6781D7333E}.Debug|x64.ActiveCfg = Debug|x64
		{97668557-06CB-4CD5-9FEE-4A6781D7333E}.Debug|x64.Build.0 = Debug|x64
		{97668557-06CB-4CD5-9FEE-4A6781D7333E}.Debug|x86.ActiveCfg = Debug|Win32
		{97668557-06CB-4CD5-9FEE-4A6781D7333E}.Debug|x86.Build.0 = Debug|Win32
		{97668557-06CB-4CD5-9FEE-4A6781D7333E}.Release|x64.ActiveCfg = Release|x64
		{97668557-06CB-4CD5-9FEE-4A6781D7333E}.Release|x64.Build.0 = Release|x64
		{97668557-06CB-4CD5-9FEE-4A6781D7333E}.Release|x86.ActiveCfg = Release|Win32
		{97668557-06CB-4CD5-9FEE-4A6781D7333E}.Release|x86.Build.0 = Release|Win32
		{4E1FD469-F97F-4C67-B7BB-514DFC80B625}.Debug|x64.ActiveCfg = Debug|x64
		{4E1FD469-F97F-4C67-B7BB-514DFC80B625}.Debug|x64.Build.0 = Debug|x64
		{4E1FD469-F97F-4C67-B7BB-514DFC80B625}.Debug|x86.ActiveCfg = Debug|Win32
		{4E1FD469-F97F-4C67-B7BB-514DFC80B625}.Debug|x86.Build.0 = Debug|Win32
		{4E1FD469-F97F-4C67-B7BB-514DFC80B625}.Release|x64.ActiveCfg = Release|x64
		{4E1FD469-F97F-4C67-B7BB-514DFC80B625}.Release|x64.Build.0 = Release|x64
		{4E1FD469-F97F-4C67-B7BB-514DFC80B625}.Release|x86.ActiveCfg = Release|Win32
		{4E1FD469-F97F-4C67-B7BB-514DFC80B625}.Release|x86.Build.0 = Release|Win32
		{95AF0139-F1B5-4719-981C-1948CFE0BB9C}.Debug|x64.ActiveCfg = Debug|x64
		{95AF0139-F1B5-4719-981C-1948CFE0BB9C}.Debug|x64.Build.0 = Debug|x64
		{95AF0139-F1B5-4719-981C-1948CFE0BB9C}.Debug|x86.ActiveCfg = Debug|Win32
		{95AF0139-F1B5-4719-981C-1948CFE0BB9C}.Debug|x86.Build.0 = Debug|Win32
		{95AF0139-F1B5-4719-981C-1948CFE0BB9C}.Release|x64.ActiveCfg = Release|x64
		{95AF0139-F1B5-4719-981C-1948CFE0BB9C}.Release|x64.Build.0 = Release|x64
		{95AF0139-F1B5-4719-981C-1948CFE0BB9C}.Release|x86.ActiveCfg = Release|Win32
		{95AF0139-F1B5-4719-981C-1948CFE0BB9C}.Release|x86.Build.0 = Release|Win32
	EndGlobalSection
	GlobalSection(SolutionProperties) = preSolution
		HideSolutionNode = FALSE
	EndGlobalSection
	GlobalSection(ExtensibilityGlobals) = postSolution
		SolutionGuid = {BDCA9864-0873-4D40-931F-6B4D5BBFE587}
	EndGlobalSection
EndGlobal
