
Microsoft Visual Studio Solution File, Format Version 12.00
# Visual Studio Version 16
VisualStudioVersion = 16.0.30517.126
MinimumVisualStudioVersion = 10.0.40219.1
Project("{8BC9CEB8-8B4A-11D0-8D11-00A0C91BC942}") = "Task0", "Task0\Task0.vcxproj", "{B36EEF4F-F201-407B-B5D0-947A93F92AFF}"
EndProject
Project("{8BC9CEB8-8B4A-11D0-8D11-00A0C91BC942}") = "Task1", "Task1\Task1.vcxproj", "{7F42A32B-ACA8-48DB-ADF1-537CAC0E3EFF}"
EndProject
Project("{8BC9CEB8-8B4A-11D0-8D11-00A0C91BC942}") = "Task2", "Task2\Task2.vcxproj", "{8F2983FE-1FE3-4E93-AAE1-0D7E683E133C}"
EndProject
Project("{8BC9CEB8-8B4A-11D0-8D11-00A0C91BC942}") = "Task3", "Task3\Task3.vcxproj", "{4E621831-4870-4DAE-A449-8D3E2B52E977}"
EndProject
Project("{8BC9CEB8-8B4A-11D0-8D11-00A0C91BC942}") = "Task4", "Task4\Task4.vcxproj", "{8A6D19D3-C7F0-454E-87B1-DF66E80BC76F}"
EndProject
Project("{8BC9CEB8-8B4A-11D0-8D11-00A0C91BC942}") = "Task5", "Task5\Task5.vcxproj", "{06779C73-6C73-4D9D-971C-48E2011CE165}"
EndProject
Project("{8BC9CEB8-8B4A-11D0-8D11-00A0C91BC942}") = "Task6", "Task6\Task6.vcxproj", "{DF8374C5-945E-48C8-BAF5-E36CE860BB38}"
EndProject
Project("{8BC9CEB8-8B4A-11D0-8D11-00A0C91BC942}") = "Task7", "Task7\Task7.vcxproj", "{A07285E0-8736-4C12-B09A-F2ED1F041E82}"
EndProject
Global
	GlobalSection(SolutionConfigurationPlatforms) = preSolution
		Debug|x64 = Debug|x64
		Debug|x86 = Debug|x86
		Release|x64 = Release|x64
		Release|x86 = Release|x86
	EndGlobalSection
	GlobalSection(ProjectConfigurationPlatforms) = postSolution
		{B36EEF4F-F201-407B-B5D0-947A93F92AFF}.Debug|x64.ActiveCfg = Debug|x64
		{B36EEF4F-F201-407B-B5D0-947A93F92AFF}.Debug|x64.Build.0 = Debug|x64
		{B36EEF4F-F201-407B-B5D0-947A93F92AFF}.Debug|x86.ActiveCfg = Debug|Win32
		{B36EEF4F-F201-407B-B5D0-947A93F92AFF}.Debug|x86.Build.0 = Debug|Win32
		{B36EEF4F-F201-407B-B5D0-947A93F92AFF}.Release|x64.ActiveCfg = Release|x64
		{B36EEF4F-F201-407B-B5D0-947A93F92AFF}.Release|x64.Build.0 = Release|x64
		{B36EEF4F-F201-407B-B5D0-947A93F92AFF}.Release|x86.ActiveCfg = Release|Win32
		{B36EEF4F-F201-407B-B5D0-947A93F92AFF}.Release|x86.Build.0 = Release|Win32
		{7F42A32B-ACA8-48DB-ADF1-537CAC0E3EFF}.Debug|x64.ActiveCfg = Debug|x64
		{7F42A32B-ACA8-48DB-ADF1-537CAC0E3EFF}.Debug|x64.Build.0 = Debug|x64
		{7F42A32B-ACA8-48DB-ADF1-537CAC0E3EFF}.Debug|x86.ActiveCfg = Debug|Win32
		{7F42A32B-ACA8-48DB-ADF1-537CAC0E3EFF}.Debug|x86.Build.0 = Debug|Win32
		{7F42A32B-ACA8-48DB-ADF1-537CAC0E3EFF}.Release|x64.ActiveCfg = Release|x64
		{7F42A32B-ACA8-48DB-ADF1-537CAC0E3EFF}.Release|x64.Build.0 = Release|x64
		{7F42A32B-ACA8-48DB-ADF1-537CAC0E3EFF}.Release|x86.ActiveCfg = Release|Win32
		{7F42A32B-ACA8-48DB-ADF1-537CAC0E3EFF}.Release|x86.Build.0 = Release|Win32
		{8F2983FE-1FE3-4E93-AAE1-0D7E683E133C}.Debug|x64.ActiveCfg = Debug|x64
		{8F2983FE-1FE3-4E93-AAE1-0D7E683E133C}.Debug|x64.Build.0 = Debug|x64
		{8F2983FE-1FE3-4E93-AAE1-0D7E683E133C}.Debug|x86.ActiveCfg = Debug|Win32
		{8F2983FE-1FE3-4E93-AAE1-0D7E683E133C}.Debug|x86.Build.0 = Debug|Win32
		{8F2983FE-1FE3-4E93-AAE1-0D7E683E133C}.Release|x64.ActiveCfg = Release|x64
		{8F2983FE-1FE3-4E93-AAE1-0D7E683E133C}.Release|x64.Build.0 = Release|x64
		{8F2983FE-1FE3-4E93-AAE1-0D7E683E133C}.Release|x86.ActiveCfg = Release|Win32
		{8F2983FE-1FE3-4E93-AAE1-0D7E683E133C}.Release|x86.Build.0 = Release|Win32
		{4E621831-4870-4DAE-A449-8D3E2B52E977}.Debug|x64.ActiveCfg = Debug|x64
		{4E621831-4870-4DAE-A449-8D3E2B52E977}.Debug|x64.Build.0 = Debug|x64
		{4E621831-4870-4DAE-A449-8D3E2B52E977}.Debug|x86.ActiveCfg = Debug|Win32
		{4E621831-4870-4DAE-A449-8D3E2B52E977}.Debug|x86.Build.0 = Debug|Win32
		{4E621831-4870-4DAE-A449-8D3E2B52E977}.Release|x64.ActiveCfg = Release|x64
		{4E621831-4870-4DAE-A449-8D3E2B52E977}.Release|x64.Build.0 = Release|x64
		{4E621831-4870-4DAE-A449-8D3E2B52E977}.Release|x86.ActiveCfg = Release|Win32
		{4E621831-4870-4DAE-A449-8D3E2B52E977}.Release|x86.Build.0 = Release|Win32
		{8A6D19D3-C7F0-454E-87B1-DF66E80BC76F}.Debug|x64.ActiveCfg = Debug|x64
		{8A6D19D3-C7F0-454E-87B1-DF66E80BC76F}.Debug|x64.Build.0 = Debug|x64
		{8A6D19D3-C7F0-454E-87B1-DF66E80BC76F}.Debug|x86.ActiveCfg = Debug|Win32
		{8A6D19D3-C7F0-454E-87B1-DF66E80BC76F}.Debug|x86.Build.0 = Debug|Win32
		{8A6D19D3-C7F0-454E-87B1-DF66E80BC76F}.Release|x64.ActiveCfg = Release|x64
		{8A6D19D3-C7F0-454E-87B1-DF66E80BC76F}.Release|x64.Build.0 = Release|x64
		{8A6D19D3-C7F0-454E-87B1-DF66E80BC76F}.Release|x86.ActiveCfg = Release|Win32
		{8A6D19D3-C7F0-454E-87B1-DF66E80BC76F}.Release|x86.Build.0 = Release|Win32
		{06779C73-6C73-4D9D-971C-48E2011CE165}.Debug|x64.ActiveCfg = Debug|x64
		{06779C73-6C73-4D9D-971C-48E2011CE165}.Debug|x64.Build.0 = Debug|x64
		{06779C73-6C73-4D9D-971C-48E2011CE165}.Debug|x86.ActiveCfg = Debug|Win32
		{06779C73-6C73-4D9D-971C-48E2011CE165}.Debug|x86.Build.0 = Debug|Win32
		{06779C73-6C73-4D9D-971C-48E2011CE165}.Release|x64.ActiveCfg = Release|x64
		{06779C73-6C73-4D9D-971C-48E2011CE165}.Release|x64.Build.0 = Release|x64
		{06779C73-6C73-4D9D-971C-48E2011CE165}.Release|x86.ActiveCfg = Release|Win32
		{06779C73-6C73-4D9D-971C-48E2011CE165}.Release|x86.Build.0 = Release|Win32
		{DF8374C5-945E-48C8-BAF5-E36CE860BB38}.Debug|x64.ActiveCfg = Debug|x64
		{DF8374C5-945E-48C8-BAF5-E36CE860BB38}.Debug|x64.Build.0 = Debug|x64
		{DF8374C5-945E-48C8-BAF5-E36CE860BB38}.Debug|x86.ActiveCfg = Debug|Win32
		{DF8374C5-945E-48C8-BAF5-E36CE860BB38}.Debug|x86.Build.0 = Debug|Win32
		{DF8374C5-945E-48C8-BAF5-E36CE860BB38}.Release|x64.ActiveCfg = Release|x64
		{DF8374C5-945E-48C8-BAF5-E36CE860BB38}.Release|x64.Build.0 = Release|x64
		{DF8374C5-945E-48C8-BAF5-E36CE860BB38}.Release|x86.ActiveCfg = Release|Win32
		{DF8374C5-945E-48C8-BAF5-E36CE860BB38}.Release|x86.Build.0 = Release|Win32
		{A07285E0-8736-4C12-B09A-F2ED1F041E82}.Debug|x64.ActiveCfg = Debug|x64
		{A07285E0-8736-4C12-B09A-F2ED1F041E82}.Debug|x64.Build.0 = Debug|x64
		{A07285E0-8736-4C12-B09A-F2ED1F041E82}.Debug|x86.ActiveCfg = Debug|Win32
		{A07285E0-8736-4C12-B09A-F2ED1F041E82}.Debug|x86.Build.0 = Debug|Win32
		{A07285E0-8736-4C12-B09A-F2ED1F041E82}.Release|x64.ActiveCfg = Release|x64
		{A07285E0-8736-4C12-B09A-F2ED1F041E82}.Release|x64.Build.0 = Release|x64
		{A07285E0-8736-4C12-B09A-F2ED1F041E82}.Release|x86.ActiveCfg = Release|Win32
		{A07285E0-8736-4C12-B09A-F2ED1F041E82}.Release|x86.Build.0 = Release|Win32
	EndGlobalSection
	GlobalSection(SolutionProperties) = preSolution
		HideSolutionNode = FALSE
	EndGlobalSection
	GlobalSection(ExtensibilityGlobals) = postSolution
		SolutionGuid = {5E0A79A3-7E6F-41CA-956F-7D00A403A266}
	EndGlobalSection
EndGlobal
