
Microsoft Visual Studio Solution File, Format Version 12.00
# Visual Studio Version 16
VisualStudioVersion = 16.0.30517.126
MinimumVisualStudioVersion = 10.0.40219.1
Project("{8BC9CEB8-8B4A-11D0-8D11-00A0C91BC942}") = "Task0", "Task0\Task0.vcxproj", "{DB93B422-73E0-414D-94D5-660ECB9C1962}"
EndProject
Project("{8BC9CEB8-8B4A-11D0-8D11-00A0C91BC942}") = "Task2", "Task2\Task2.vcxproj", "{2E5FEC66-0512-44BB-BD38-DE303EB8FAC1}"
EndProject
Project("{8BC9CEB8-8B4A-11D0-8D11-00A0C91BC942}") = "Task3", "Task3\Task3.vcxproj", "{F9374FDA-2B5C-442A-8955-C849A4BFC50A}"
EndProject
Project("{8BC9CEB8-8B4A-11D0-8D11-00A0C91BC942}") = "Task4", "Task4\Task4.vcxproj", "{36276BE4-C99F-4973-A661-899BCD6D92A3}"
EndProject
Project("{8BC9CEB8-8B4A-11D0-8D11-00A0C91BC942}") = "Task5", "Task5\Task5.vcxproj", "{DD204EB6-8C76-4615-A655-3B2641D36372}"
EndProject
Project("{8BC9CEB8-8B4A-11D0-8D11-00A0C91BC942}") = "Task6", "Task6\Task6.vcxproj", "{9D588B5D-B692-412A-8D3F-8E371003629C}"
EndProject
Project("{8BC9CEB8-8B4A-11D0-8D11-00A0C91BC942}") = "Task7", "Task7\Task7.vcxproj", "{6429C080-E9E9-43AE-A7E4-675C280E894F}"
EndProject
Project("{8BC9CEB8-8B4A-11D0-8D11-00A0C91BC942}") = "Task8", "Task8\Task8.vcxproj", "{89FDC4DF-8069-430A-8B0F-BC1110320103}"
EndProject
Project("{8BC9CEB8-8B4A-11D0-8D11-00A0C91BC942}") = "Task9", "Task9\Task9.vcxproj", "{DBB6157F-41E0-4AA7-8788-22BC15B1528B}"
EndProject
Project("{8BC9CEB8-8B4A-11D0-8D11-00A0C91BC942}") = "Task1", "Task1\Task1.vcxproj", "{4114CA24-7C3A-4CBB-A3CB-A7017BB081B9}"
EndProject
Global
	GlobalSection(SolutionConfigurationPlatforms) = preSolution
		Debug|x64 = Debug|x64
		Debug|x86 = Debug|x86
		Release|x64 = Release|x64
		Release|x86 = Release|x86
	EndGlobalSection
	GlobalSection(ProjectConfigurationPlatforms) = postSolution
		{DB93B422-73E0-414D-94D5-660ECB9C1962}.Debug|x64.ActiveCfg = Debug|x64
		{DB93B422-73E0-414D-94D5-660ECB9C1962}.Debug|x64.Build.0 = Debug|x64
		{DB93B422-73E0-414D-94D5-660ECB9C1962}.Debug|x86.ActiveCfg = Debug|Win32
		{DB93B422-73E0-414D-94D5-660ECB9C1962}.Debug|x86.Build.0 = Debug|Win32
		{DB93B422-73E0-414D-94D5-660ECB9C1962}.Release|x64.ActiveCfg = Release|x64
		{DB93B422-73E0-414D-94D5-660ECB9C1962}.Release|x64.Build.0 = Release|x64
		{DB93B422-73E0-414D-94D5-660ECB9C1962}.Release|x86.ActiveCfg = Release|Win32
		{DB93B422-73E0-414D-94D5-660ECB9C1962}.Release|x86.Build.0 = Release|Win32
		{2E5FEC66-0512-44BB-BD38-DE303EB8FAC1}.Debug|x64.ActiveCfg = Debug|x64
		{2E5FEC66-0512-44BB-BD38-DE303EB8FAC1}.Debug|x64.Build.0 = Debug|x64
		{2E5FEC66-0512-44BB-BD38-DE303EB8FAC1}.Debug|x86.ActiveCfg = Debug|Win32
		{2E5FEC66-0512-44BB-BD38-DE303EB8FAC1}.Debug|x86.Build.0 = Debug|Win32
		{2E5FEC66-0512-44BB-BD38-DE303EB8FAC1}.Release|x64.ActiveCfg = Release|x64
		{2E5FEC66-0512-44BB-BD38-DE303EB8FAC1}.Release|x64.Build.0 = Release|x64
		{2E5FEC66-0512-44BB-BD38-DE303EB8FAC1}.Release|x86.ActiveCfg = Release|Win32
		{2E5FEC66-0512-44BB-BD38-DE303EB8FAC1}.Release|x86.Build.0 = Release|Win32
		{F9374FDA-2B5C-442A-8955-C849A4BFC50A}.Debug|x64.ActiveCfg = Debug|x64
		{F9374FDA-2B5C-442A-8955-C849A4BFC50A}.Debug|x64.Build.0 = Debug|x64
		{F9374FDA-2B5C-442A-8955-C849A4BFC50A}.Debug|x86.ActiveCfg = Debug|Win32
		{F9374FDA-2B5C-442A-8955-C849A4BFC50A}.Debug|x86.Build.0 = Debug|Win32
		{F9374FDA-2B5C-442A-8955-C849A4BFC50A}.Release|x64.ActiveCfg = Release|x64
		{F9374FDA-2B5C-442A-8955-C849A4BFC50A}.Release|x64.Build.0 = Release|x64
		{F9374FDA-2B5C-442A-8955-C849A4BFC50A}.Release|x86.ActiveCfg = Release|Win32
		{F9374FDA-2B5C-442A-8955-C849A4BFC50A}.Release|x86.Build.0 = Release|Win32
		{36276BE4-C99F-4973-A661-899BCD6D92A3}.Debug|x64.ActiveCfg = Debug|x64
		{36276BE4-C99F-4973-A661-899BCD6D92A3}.Debug|x64.Build.0 = Debug|x64
		{36276BE4-C99F-4973-A661-899BCD6D92A3}.Debug|x86.ActiveCfg = Debug|Win32
		{36276BE4-C99F-4973-A661-899BCD6D92A3}.Debug|x86.Build.0 = Debug|Win32
		{36276BE4-C99F-4973-A661-899BCD6D92A3}.Release|x64.ActiveCfg = Release|x64
		{36276BE4-C99F-4973-A661-899BCD6D92A3}.Release|x64.Build.0 = Release|x64
		{36276BE4-C99F-4973-A661-899BCD6D92A3}.Release|x86.ActiveCfg = Release|Win32
		{36276BE4-C99F-4973-A661-899BCD6D92A3}.Release|x86.Build.0 = Release|Win32
		{DD204EB6-8C76-4615-A655-3B2641D36372}.Debug|x64.ActiveCfg = Debug|x64
		{DD204EB6-8C76-4615-A655-3B2641D36372}.Debug|x64.Build.0 = Debug|x64
		{DD204EB6-8C76-4615-A655-3B2641D36372}.Debug|x86.ActiveCfg = Debug|Win32
		{DD204EB6-8C76-4615-A655-3B2641D36372}.Debug|x86.Build.0 = Debug|Win32
		{DD204EB6-8C76-4615-A655-3B2641D36372}.Release|x64.ActiveCfg = Release|x64
		{DD204EB6-8C76-4615-A655-3B2641D36372}.Release|x64.Build.0 = Release|x64
		{DD204EB6-8C76-4615-A655-3B2641D36372}.Release|x86.ActiveCfg = Release|Win32
		{DD204EB6-8C76-4615-A655-3B2641D36372}.Release|x86.Build.0 = Release|Win32
		{9D588B5D-B692-412A-8D3F-8E371003629C}.Debug|x64.ActiveCfg = Debug|x64
		{9D588B5D-B692-412A-8D3F-8E371003629C}.Debug|x64.Build.0 = Debug|x64
		{9D588B5D-B692-412A-8D3F-8E371003629C}.Debug|x86.ActiveCfg = Debug|Win32
		{9D588B5D-B692-412A-8D3F-8E371003629C}.Debug|x86.Build.0 = Debug|Win32
		{9D588B5D-B692-412A-8D3F-8E371003629C}.Release|x64.ActiveCfg = Release|x64
		{9D588B5D-B692-412A-8D3F-8E371003629C}.Release|x64.Build.0 = Release|x64
		{9D588B5D-B692-412A-8D3F-8E371003629C}.Release|x86.ActiveCfg = Release|Win32
		{9D588B5D-B692-412A-8D3F-8E371003629C}.Release|x86.Build.0 = Release|Win32
		{6429C080-E9E9-43AE-A7E4-675C280E894F}.Debug|x64.ActiveCfg = Debug|x64
		{6429C080-E9E9-43AE-A7E4-675C280E894F}.Debug|x64.Build.0 = Debug|x64
		{6429C080-E9E9-43AE-A7E4-675C280E894F}.Debug|x86.ActiveCfg = Debug|Win32
		{6429C080-E9E9-43AE-A7E4-675C280E894F}.Debug|x86.Build.0 = Debug|Win32
		{6429C080-E9E9-43AE-A7E4-675C280E894F}.Release|x64.ActiveCfg = Release|x64
		{6429C080-E9E9-43AE-A7E4-675C280E894F}.Release|x64.Build.0 = Release|x64
		{6429C080-E9E9-43AE-A7E4-675C280E894F}.Release|x86.ActiveCfg = Release|Win32
		{6429C080-E9E9-43AE-A7E4-675C280E894F}.Release|x86.Build.0 = Release|Win32
		{89FDC4DF-8069-430A-8B0F-BC1110320103}.Debug|x64.ActiveCfg = Debug|x64
		{89FDC4DF-8069-430A-8B0F-BC1110320103}.Debug|x64.Build.0 = Debug|x64
		{89FDC4DF-8069-430A-8B0F-BC1110320103}.Debug|x86.ActiveCfg = Debug|Win32
		{89FDC4DF-8069-430A-8B0F-BC1110320103}.Debug|x86.Build.0 = Debug|Win32
		{89FDC4DF-8069-430A-8B0F-BC1110320103}.Release|x64.ActiveCfg = Release|x64
		{89FDC4DF-8069-430A-8B0F-BC1110320103}.Release|x64.Build.0 = Release|x64
		{89FDC4DF-8069-430A-8B0F-BC1110320103}.Release|x86.ActiveCfg = Release|Win32
		{89FDC4DF-8069-430A-8B0F-BC1110320103}.Release|x86.Build.0 = Release|Win32
		{DBB6157F-41E0-4AA7-8788-22BC15B1528B}.Debug|x64.ActiveCfg = Debug|x64
		{DBB6157F-41E0-4AA7-8788-22BC15B1528B}.Debug|x64.Build.0 = Debug|x64
		{DBB6157F-41E0-4AA7-8788-22BC15B1528B}.Debug|x86.ActiveCfg = Debug|Win32
		{DBB6157F-41E0-4AA7-8788-22BC15B1528B}.Debug|x86.Build.0 = Debug|Win32
		{DBB6157F-41E0-4AA7-8788-22BC15B1528B}.Release|x64.ActiveCfg = Release|x64
		{DBB6157F-41E0-4AA7-8788-22BC15B1528B}.Release|x64.Build.0 = Release|x64
		{DBB6157F-41E0-4AA7-8788-22BC15B1528B}.Release|x86.ActiveCfg = Release|Win32
		{DBB6157F-41E0-4AA7-8788-22BC15B1528B}.Release|x86.Build.0 = Release|Win32
		{4114CA24-7C3A-4CBB-A3CB-A7017BB081B9}.Debug|x64.ActiveCfg = Debug|x64
		{4114CA24-7C3A-4CBB-A3CB-A7017BB081B9}.Debug|x64.Build.0 = Debug|x64
		{4114CA24-7C3A-4CBB-A3CB-A7017BB081B9}.Debug|x86.ActiveCfg = Debug|Win32
		{4114CA24-7C3A-4CBB-A3CB-A7017BB081B9}.Debug|x86.Build.0 = Debug|Win32
		{4114CA24-7C3A-4CBB-A3CB-A7017BB081B9}.Release|x64.ActiveCfg = Release|x64
		{4114CA24-7C3A-4CBB-A3CB-A7017BB081B9}.Release|x64.Build.0 = Release|x64
		{4114CA24-7C3A-4CBB-A3CB-A7017BB081B9}.Release|x86.ActiveCfg = Release|Win32
		{4114CA24-7C3A-4CBB-A3CB-A7017BB081B9}.Release|x86.Build.0 = Release|Win32
	EndGlobalSection
	GlobalSection(SolutionProperties) = preSolution
		HideSolutionNode = FALSE
	EndGlobalSection
	GlobalSection(ExtensibilityGlobals) = postSolution
		SolutionGuid = {98410269-4346-4038-8247-79FB5E77D375}
	EndGlobalSection
EndGlobal
