
Microsoft Visual Studio Solution File, Format Version 12.00
# Visual Studio Version 16
VisualStudioVersion = 16.0.30517.126
MinimumVisualStudioVersion = 10.0.40219.1
Project("{8BC9CEB8-8B4A-11D0-8D11-00A0C91BC942}") = "Homework", "Homework\Homework.vcxproj", "{E551413A-F8E6-4013-A7EF-3C1374E8E4B4}"
EndProject
Project("{8BC9CEB8-8B4A-11D0-8D11-00A0C91BC942}") = "Task1", "Task1\Task1.vcxproj", "{EC05DBFE-81FC-4DE1-8F5D-C7D29ABC180F}"
EndProject
Project("{8BC9CEB8-8B4A-11D0-8D11-00A0C91BC942}") = "Task2", "Task2\Task2.vcxproj", "{B1FD3E0C-A597-4702-818E-2714CF1B44D2}"
EndProject
Global
	GlobalSection(SolutionConfigurationPlatforms) = preSolution
		Debug|x64 = Debug|x64
		Debug|x86 = Debug|x86
		Release|x64 = Release|x64
		Release|x86 = Release|x86
	EndGlobalSection
	GlobalSection(ProjectConfigurationPlatforms) = postSolution
		{E551413A-F8E6-4013-A7EF-3C1374E8E4B4}.Debug|x64.ActiveCfg = Debug|x64
		{E551413A-F8E6-4013-A7EF-3C1374E8E4B4}.Debug|x64.Build.0 = Debug|x64
		{E551413A-F8E6-4013-A7EF-3C1374E8E4B4}.Debug|x86.ActiveCfg = Debug|Win32
		{E551413A-F8E6-4013-A7EF-3C1374E8E4B4}.Debug|x86.Build.0 = Debug|Win32
		{E551413A-F8E6-4013-A7EF-3C1374E8E4B4}.Release|x64.ActiveCfg = Release|x64
		{E551413A-F8E6-4013-A7EF-3C1374E8E4B4}.Release|x64.Build.0 = Release|x64
		{E551413A-F8E6-4013-A7EF-3C1374E8E4B4}.Release|x86.ActiveCfg = Release|Win32
		{E551413A-F8E6-4013-A7EF-3C1374E8E4B4}.Release|x86.Build.0 = Release|Win32
		{EC05DBFE-81FC-4DE1-8F5D-C7D29ABC180F}.Debug|x64.ActiveCfg = Debug|x64
		{EC05DBFE-81FC-4DE1-8F5D-C7D29ABC180F}.Debug|x64.Build.0 = Debug|x64
		{EC05DBFE-81FC-4DE1-8F5D-C7D29ABC180F}.Debug|x86.ActiveCfg = Debug|Win32
		{EC05DBFE-81FC-4DE1-8F5D-C7D29ABC180F}.Debug|x86.Build.0 = Debug|Win32
		{EC05DBFE-81FC-4DE1-8F5D-C7D29ABC180F}.Release|x64.ActiveCfg = Release|x64
		{EC05DBFE-81FC-4DE1-8F5D-C7D29ABC180F}.Release|x64.Build.0 = Release|x64
		{EC05DBFE-81FC-4DE1-8F5D-C7D29ABC180F}.Release|x86.ActiveCfg = Release|Win32
		{EC05DBFE-81FC-4DE1-8F5D-C7D29ABC180F}.Release|x86.Build.0 = Release|Win32
		{B1FD3E0C-A597-4702-818E-2714CF1B44D2}.Debug|x64.ActiveCfg = Debug|x64
		{B1FD3E0C-A597-4702-818E-2714CF1B44D2}.Debug|x64.Build.0 = Debug|x64
		{B1FD3E0C-A597-4702-818E-2714CF1B44D2}.Debug|x86.ActiveCfg = Debug|Win32
		{B1FD3E0C-A597-4702-818E-2714CF1B44D2}.Debug|x86.Build.0 = Debug|Win32
		{B1FD3E0C-A597-4702-818E-2714CF1B44D2}.Release|x64.ActiveCfg = Release|x64
		{B1FD3E0C-A597-4702-818E-2714CF1B44D2}.Release|x64.Build.0 = Release|x64
		{B1FD3E0C-A597-4702-818E-2714CF1B44D2}.Release|x86.ActiveCfg = Release|Win32
		{B1FD3E0C-A597-4702-818E-2714CF1B44D2}.Release|x86.Build.0 = Release|Win32
	EndGlobalSection
	GlobalSection(SolutionProperties) = preSolution
		HideSolutionNode = FALSE
	EndGlobalSection
	GlobalSection(ExtensibilityGlobals) = postSolution
		SolutionGuid = {CF133464-5184-40E8-AFFA-A8FA5B26EC13}
	EndGlobalSection
EndGlobal
